
Microsoft Visual Studio Solution File, Format Version 12.00
# Visual Studio Version 17
VisualStudioVersion = 17.2.32630.192
MinimumVisualStudioVersion = 10.0.40219.1
Project("{2150E333-8FDC-42A3-9474-1A3956D46DE8}") = "Application", "Application", "{43CBD76C-4538-41D0-B1D3-B08FC3EC2B04}"
EndProject
Project("{2150E333-8FDC-42A3-9474-1A3956D46DE8}") = "Common", "Common", "{231DB8FD-1AE2-44BF-A1D4-8B4D7F68E983}"
EndProject
Project("{2150E333-8FDC-42A3-9474-1A3956D46DE8}") = "Database", "Database", "{AF6FDCA0-8A74-4A71-A616-30FBFFF1AEAD}"
EndProject
Project("{2150E333-8FDC-42A3-9474-1A3956D46DE8}") = "DTOs", "DTOs", "{BC9B08D6-4685-4D72-BDAB-F3951E041052}"
EndProject
Project("{2150E333-8FDC-42A3-9474-1A3956D46DE8}") = "Services", "Services", "{5BAF303E-B9A1-453A-B3BD-DC8FF70996FB}"
EndProject
Project("{9A19103F-16F7-4668-BE54-9A1E7A4F7556}") = "TestPlatform.Application", "Application\TestPlatform.Application\TestPlatform.Application.csproj", "{1B6A9ED8-D0D4-4933-A8DE-1D568FEC13B9}"
EndProject
Project("{9A19103F-16F7-4668-BE54-9A1E7A4F7556}") = "TestPlatform.Database", "Database\TestPlatform.Database\TestPlatform.Database.csproj", "{B15AC3A4-BD51-4620-B0BF-A82EA3A1EF94}"
EndProject
Project("{9A19103F-16F7-4668-BE54-9A1E7A4F7556}") = "TestPlatform.Common", "Common\TestPlatform.Common\TestPlatform.Common.csproj", "{42DF3465-611F-47D7-9AE9-1D3EBBEC65F5}"
EndProject
Project("{9A19103F-16F7-4668-BE54-9A1E7A4F7556}") = "TestPlatform.DTOs.ViewModels", "DTOs\TestPlatform.DTOs.ViewModels\TestPlatform.DTOs.ViewModels.csproj", "{5E7EA809-E9C0-40C5-9FC1-E3F77110084E}"
EndProject
Project("{9A19103F-16F7-4668-BE54-9A1E7A4F7556}") = "TestPlatform.DTOs.BindingModels", "DTOs\TestPlatform.DTOs.BindingModels\TestPlatform.DTOs.BindingModels.csproj", "{D477F793-CA3D-43AB-8121-A4EDC48081E3}"
EndProject
Project("{9A19103F-16F7-4668-BE54-9A1E7A4F7556}") = "TestPlatform.Services.Database", "Services\TestPlatform.Services.Database\TestPlatform.Services.Database.csproj", "{5C989D30-114B-49B4-A9AF-5959632D8A46}"
EndProject
Project("{9A19103F-16F7-4668-BE54-9A1E7A4F7556}") = "TestPlatform.Database.Models", "Database\TestPlatform.Database.Models\TestPlatform.Database.Models.csproj", "{EC4D4CFF-354B-41E0-87BC-4B9222ED97C1}"
EndProject
Project("{2150E333-8FDC-42A3-9474-1A3956D46DE8}") = "Solution Items", "Solution Items", "{8C19C7EC-7607-4476-9EA2-C641953BC0F8}"
	ProjectSection(SolutionItems) = preProject
		.editorconfig = .editorconfig
		Directory.Build.props = Directory.Build.props
	EndProjectSection
EndProject
Global
	GlobalSection(SolutionConfigurationPlatforms) = preSolution
		Debug|Any CPU = Debug|Any CPU
		Release|Any CPU = Release|Any CPU
	EndGlobalSection
	GlobalSection(ProjectConfigurationPlatforms) = postSolution
		{1B6A9ED8-D0D4-4933-A8DE-1D568FEC13B9}.Debug|Any CPU.ActiveCfg = Debug|Any CPU
		{1B6A9ED8-D0D4-4933-A8DE-1D568FEC13B9}.Debug|Any CPU.Build.0 = Debug|Any CPU
		{1B6A9ED8-D0D4-4933-A8DE-1D568FEC13B9}.Release|Any CPU.ActiveCfg = Release|Any CPU
		{1B6A9ED8-D0D4-4933-A8DE-1D568FEC13B9}.Release|Any CPU.Build.0 = Release|Any CPU
		{B15AC3A4-BD51-4620-B0BF-A82EA3A1EF94}.Debug|Any CPU.ActiveCfg = Debug|Any CPU
		{B15AC3A4-BD51-4620-B0BF-A82EA3A1EF94}.Debug|Any CPU.Build.0 = Debug|Any CPU
		{B15AC3A4-BD51-4620-B0BF-A82EA3A1EF94}.Release|Any CPU.ActiveCfg = Release|Any CPU
		{B15AC3A4-BD51-4620-B0BF-A82EA3A1EF94}.Release|Any CPU.Build.0 = Release|Any CPU
		{42DF3465-611F-47D7-9AE9-1D3EBBEC65F5}.Debug|Any CPU.ActiveCfg = Debug|Any CPU
		{42DF3465-611F-47D7-9AE9-1D3EBBEC65F5}.Debug|Any CPU.Build.0 = Debug|Any CPU
		{42DF3465-611F-47D7-9AE9-1D3EBBEC65F5}.Release|Any CPU.ActiveCfg = Release|Any CPU
		{42DF3465-611F-47D7-9AE9-1D3EBBEC65F5}.Release|Any CPU.Build.0 = Release|Any CPU
		{5E7EA809-E9C0-40C5-9FC1-E3F77110084E}.Debug|Any CPU.ActiveCfg = Debug|Any CPU
		{5E7EA809-E9C0-40C5-9FC1-E3F77110084E}.Debug|Any CPU.Build.0 = Debug|Any CPU
		{5E7EA809-E9C0-40C5-9FC1-E3F77110084E}.Release|Any CPU.ActiveCfg = Release|Any CPU
		{5E7EA809-E9C0-40C5-9FC1-E3F77110084E}.Release|Any CPU.Build.0 = Release|Any CPU
		{D477F793-CA3D-43AB-8121-A4EDC48081E3}.Debug|Any CPU.ActiveCfg = Debug|Any CPU
		{D477F793-CA3D-43AB-8121-A4EDC48081E3}.Debug|Any CPU.Build.0 = Debug|Any CPU
		{D477F793-CA3D-43AB-8121-A4EDC48081E3}.Release|Any CPU.ActiveCfg = Release|Any CPU
		{D477F793-CA3D-43AB-8121-A4EDC48081E3}.Release|Any CPU.Build.0 = Release|Any CPU
		{5C989D30-114B-49B4-A9AF-5959632D8A46}.Debug|Any CPU.ActiveCfg = Debug|Any CPU
		{5C989D30-114B-49B4-A9AF-5959632D8A46}.Debug|Any CPU.Build.0 = Debug|Any CPU
		{5C989D30-114B-49B4-A9AF-5959632D8A46}.Release|Any CPU.ActiveCfg = Release|Any CPU
		{5C989D30-114B-49B4-A9AF-5959632D8A46}.Release|Any CPU.Build.0 = Release|Any CPU
		{EC4D4CFF-354B-41E0-87BC-4B9222ED97C1}.Debug|Any CPU.ActiveCfg = Debug|Any CPU
		{EC4D4CFF-354B-41E0-87BC-4B9222ED97C1}.Debug|Any CPU.Build.0 = Debug|Any CPU
		{EC4D4CFF-354B-41E0-87BC-4B9222ED97C1}.Release|Any CPU.ActiveCfg = Release|Any CPU
		{EC4D4CFF-354B-41E0-87BC-4B9222ED97C1}.Release|Any CPU.Build.0 = Release|Any CPU
	EndGlobalSection
	GlobalSection(SolutionProperties) = preSolution
		HideSolutionNode = FALSE
	EndGlobalSection
	GlobalSection(NestedProjects) = preSolution
		{1B6A9ED8-D0D4-4933-A8DE-1D568FEC13B9} = {43CBD76C-4538-41D0-B1D3-B08FC3EC2B04}
		{B15AC3A4-BD51-4620-B0BF-A82EA3A1EF94} = {AF6FDCA0-8A74-4A71-A616-30FBFFF1AEAD}
		{42DF3465-611F-47D7-9AE9-1D3EBBEC65F5} = {231DB8FD-1AE2-44BF-A1D4-8B4D7F68E983}
		{5E7EA809-E9C0-40C5-9FC1-E3F77110084E} = {BC9B08D6-4685-4D72-BDAB-F3951E041052}
		{D477F793-CA3D-43AB-8121-A4EDC48081E3} = {BC9B08D6-4685-4D72-BDAB-F3951E041052}
		{5C989D30-114B-49B4-A9AF-5959632D8A46} = {5BAF303E-B9A1-453A-B3BD-DC8FF70996FB}
		{EC4D4CFF-354B-41E0-87BC-4B9222ED97C1} = {AF6FDCA0-8A74-4A71-A616-30FBFFF1AEAD}
	EndGlobalSection
	GlobalSection(ExtensibilityGlobals) = postSolution
		SolutionGuid = {BFC3C3CE-E4CA-439A-BACA-77EF129EC0BA}
	EndGlobalSection
EndGlobal
